lockfileVersion: '9.0'

settings:
  autoInstallPeers: false
  excludeLinksFromLockfile: false

importers:

  .:
    devDependencies:
      '@deepseek-ai/cordis':
        specifier: 4.0.4
        version: 4.0.4
      '@deepseek-ai/cosmokit':
        specifier: ^1.8.5
        version: 1.8.5
      '@deepseek-ai/dsh-host-webserver':
        specifier: 0.2.0-rc.2
        version: 0.2.0-rc.2(@deepseek-ai/cordis@4.0.4)
      '@deepseek-ai/schemastery':
        specifier: 3.18.4
        version: 3.18.4
      '@types/node':
        specifier: ^22.0.0
        version: 22.20.4
      jsdom:
        specifier: ^30.1.1
        version: 30.1.1
      react:
        specifier: 18.3.1
        version: 18.3.1
      react-dom:
        specifier: 18.3.1
        version: 18.3.1(react@18.3.1)
      typescript:
        specifier: ^5.7.2
        version: 5.7.2

packages:

  '@asamuzakjp/css-color@7.1.2':
    resolution: {integrity: sha512-99DHAnXDB5z6EEK+9GMpVI7Mw4oxj97dY5bpOzMnjADQWxI8rN6TvTduuFLUhUMlS7/CfVZ06tcZsus6cltnNw==}
    engines: {node: ^22.22.2 || ^24.15.0 || >=26.0.0}

  '@asamuzakjp/dom-selector@9.2.2':
    resolution: {integrity: sha512-lSWTBMjAcmu2xn5yEDU7jh6QDV+C8GEKtdJ4pIQhXh26RkKQ7S3FuQlt+zZkUbTdJ4d3XyV1kPI/G0zWXxqaqw==}
    engines: {node: ^22.22.2 || ^24.15.0 || >=26.0.0}

  '@bramus/specificity@2.4.2':
    resolution: {integrity: sha512-ctxtJ/eA+t+6q2++vj5j7FYX3nRu311q1wfYH3xjlLOsczhlhxAg2FWNUXhpGvAw3BWo1xBcvOV6/YLc2r5FJw==}
    hasBin: true

  '@csstools/color-helpers@6.1.2':
    resolution: {integrity: sha512-grhRy3OKmniaAEKXMjua5z/EODX0MSqBGjunw8+j/3HQjOnahs2AGhvEOIYVUWcU6ScApbhLhVrQTX8XqrMrow==}
    engines: {node: '>=20.19.0'}

  '@csstools/css-calc@3.4.2':
    resolution: {integrity: sha512-tL6LRF844sHjAKO7jt2w+uHo8Tocqpb9+KPUvIQETpR4RU87IaUzDuOV0QyzuQ37jmzFgwPHLLtLu/PDuH5qgg==}
    engines: {node: '>=20.19.0'}
    peerDependencies:
      '@csstools/css-parser-algorithms': ^4.0.2
      '@csstools/css-tokenizer': ^4.0.2

  '@csstools/css-color-parser@4.2.5':
    resolution: {integrity: sha512-Qqbp5pjbMwoaErP2t5qne5QDVDr3G5243oNW8ev5zfyyoqbzrQKbYDpKP/cuo3xBkzwqZqpP/rChrJhBdyTX7g==}
    engines: {node: '>=20.19.0'}
    peerDependencies:
      '@csstools/css-parser-algorithms': ^4.0.2
      '@csstools/css-tokenizer': ^4.0.2

  '@csstools/css-parser-algorithms@4.0.2':
    resolution: {integrity: sha512-40cSKyMvK+tq4qz6Awrlye2WGuOKt3FwPgtGg6KTfbHOWNw+Rk1rzbAtZnZ6IBhsY491HLRnDXwoyBAijmmILA==}
    engines: {node: '>=20.19.0'}
    peerDependencies:
      '@csstools/css-tokenizer': ^4.0.2

  '@csstools/css-syntax-patches-for-csstree@1.1.15':
    resolution: {integrity: sha512-J0u7HkVl2nzSlhsiTOp4AmwcUQ3D+mGEEKfBy/7To5/y7F2OHwyLrXfrhR0SMgr4p5Lo+eaMVSeai24zUcBIxA==}
    peerDependencies:
      css-tree: ^3.2.1
    peerDependenciesMeta:
      css-tree:
        optional: true

  '@csstools/css-tokenizer@4.0.2':
    resolution: {integrity: sha512-OoKoR0f76dCY666JlcbhmVTs2drYj1GUXZTYTcbUgJjh9Nv41aFfZ21bPQTERm5+L5cBDo466NltB2lplS5GBw==}
    engines: {node: '>=20.19.0'}

  '@deepseek-ai/cordis@4.0.4':
    resolution: {integrity: sha512-obgyxqWAmFn3Re8kvsuUnyW+ihrz6eJCnJO4fh1cQzDtmPYz/zzVeUkH9R94I0OwSVOocK67Kgakm04j/oQXzg==}
    hasBin: true
    peerDependencies:
      '@deepseek-ai/cordis-plugin-include': ~1.0.9
      '@deepseek-ai/cordis-plugin-loader': ~1.0.5
    peerDependenciesMeta:
      '@deepseek-ai/cordis-plugin-include':
        optional: true
      '@deepseek-ai/cordis-plugin-loader':
        optional: true

  '@deepseek-ai/cosmokit@1.8.5':
    resolution: {integrity: sha512-LXsrlem9z8dq4sLflj2yuCuYX7KqhdzF5hZly3eZyuTo8d6oDSOXuEgC5DbQWKW+lksm6zmOutQLsP/ma6wR6A==}

  '@deepseek-ai/dsh-host-webserver@0.2.0-rc.2':
    resolution: {integrity: sha512-0zvI44emJMRr928Tfl//cPJlx/hiTGWfD1zaDlXu35eGIgOATFJlTPkJLApJvJOPVPPAlSOSdhI2L+j1TnzStw==}
    peerDependencies:
      '@deepseek-ai/cordis': ~4.0.4

  '@deepseek-ai/schemastery@3.18.4':
    resolution: {integrity: sha512-SSXO6tYuyrIqKVbmOnIq0s+riUywYzouFMcnBluHF9n4KMo2G8HvEzhCYj6pj2617/glOjbJuVInJ9hfONsjkg==}

  '@exodus/bytes@1.16.0':
    resolution: {integrity: sha512-IcpW84uEn3N7ETtNZMlxKhfl6Pec8rUNGOTBtWbK1FKhJxIFAptZyVrvVRVBimAJxJCgc3PxepxkdWWG4DVzfA==}
    engines: {node: ^20.19.0 || ^22.12.0 || >=24.0.0}
    peerDependencies:
      '@noble/hashes': ^1.8.0 || ^2.0.0
    peerDependenciesMeta:
      '@noble/hashes':
        optional: true

  '@standard-schema/spec@1.1.0':
    resolution: {integrity: sha512-l2aFy5jALhniG5HgqrD6jXLi/rUWrKvqN/qJx6yoJsgKhblVd+iqqU4RCXavm/jPityDo5TCvKMnpjKnOriy0w==}

  '@types/node@22.20.4':
    resolution: {integrity: sha512-zJRE40jpHtKqE/C4fgHrAKQLJuSpzEnP9ff9Y7YtoR3Wd2pwqzlekDeEuUQXjRd+QCYnVnNwuJYmhdk9XV8gvA==}

  bidi-js@1.1.0:
    resolution: {integrity: sha512-fX1Onk0tdVPC7obPWB5EbJ1z7NVhLq4m2xZLq2YXBkxzMXIGRpNMU88n0EPgWseKl12J7zXs7qrDxPK4sRs2fg==}

  bytes@3.1.2:
    resolution: {integrity: sha512-/Nf7TyzTx6S3yRJObOAV7956r8cr2+Oj8AC5dt8wSP3BQAoeX58NoHyCU8P8zGkNXStjTSi6fzO6F0pBdcYbEg==}
    engines: {node: '>= 0.8'}

  compressible@2.0.18:
    resolution: {integrity: sha512-AF3r7P5dWxL8MxyITRMlORQNaOA2IkAFaTr4k7BUumjPtRpGDTZpl0Pb1XCO6JeDCBdp126Cgs9sMxqSjgYyRg==}
    engines: {node: '>= 0.6'}

  compression@1.8.2:
    resolution: {integrity: sha512-o8vI5RE5A6EVVOd9o41jKp41aJom+QTEO/Bx8MYNjexMo/Bv2WOjUfZr+aL0WnYSgymUy6zeguqLTsIhV0gMvQ==}
    engines: {node: '>= 0.8.0'}

  content-type@2.1.0:
    resolution: {integrity: sha512-mj7UPXE0jaqaOsukNZRUEfEi2AcL7C/vwmwcHV0O97eO1E1pxBZuyjlZrx5seTaNBg1U6+o35wpa35Qfcc+7ag==}
    engines: {node: '>=18'}

  css-tree@3.2.1:
    resolution: {integrity: sha512-X7sjQzceUhu1u7Y/ylrRZFU2FS6LRiFVp6rKLPg23y3x3c3DOKAwuXGDp+PAGjh6CSnCjYeAul8pcT8bAl+lSA==}
    engines: {node: ^10 || ^12.20.0 || ^14.13.0 || >=15.0.0}

  data-urls@7.0.0:
    resolution: {integrity: sha512-23XHcCF+coGYevirZceTVD7NdJOqVn+49IHyxgszm+JIiHLoB2TkmPtsYkNWT1pvRSGkc35L6NHs0yHkN2SumA==}
    engines: {node: ^20.19.0 || ^22.12.0 || >=24.0.0}

  debug@2.6.9:
    resolution: {integrity: sha512-bC7ElrdJaJnPbAP+1EotYvqZsb3ecl5wi6Bfi6BJTUcNowp6cvspg0jXznRTKDjm/E7AdgFBVeAPVMNcKGsHMA==}
    peerDependencies:
      supports-color: '*'
    peerDependenciesMeta:
      supports-color:
        optional: true

  decimal.js@10.6.0:
    resolution: {integrity: sha512-YpgQiITW3JXGntzdUmyUR1V812Hn8T1YVXhCu+wO3OpS4eU9l4YdD3qjyiKdV6mvV29zapkMeD390UVEf2lkUg==}

  destroy@1.2.0:
    resolution: {integrity: sha512-2sJGJTaXIIaR1w4iJSNoN0hnMY7Gpc/n8D4qSCJw8QqFWXf7cuAgnEHxBpweaVcPevC2l3KpjYCx3NypQQgaJg==}
    engines: {node: '>= 0.8', npm: 1.2.8000 || >= 1.4.16}

  entities@8.1.0:
    resolution: {integrity: sha512-kxL7msIffSuh9aaFAMD7rxAIuTRMAHMeBtgHW2yUdWw732ZNh4MehkF2gdjvtdmikkaIP9bFDDJOPlsvm7avrA==}
    engines: {node: '>=20.19.0'}

  html-encoding-sniffer@7.0.0:
    resolution: {integrity: sha512-UikN5yr7xsCDAq87Or5or0PAlD3HJJOKVzM05az588WnpDJ4Ux7a2A53Qi6gofGg2/EtvF/H4hCi/TXfCW4Y6w==}
    engines: {node: ^22.13.0 || >=24.0.0}

  is-potential-custom-element-name@1.0.1:
    resolution: {integrity: sha512-bCYeRA2rVibKZd+s2625gGnGF/t7DSqDs4dP7CrLA1m7jKWz6pps0LpYLJN8Q64HtmPKJ1hrN3nzPNKFEKOUiQ==}

  js-tokens@3.0.0:
    resolution: {integrity: sha512-poXEQHPMmTrYZuJgNRll2sbc3kJsSU1m/g1Q93IE6txNj3p6xOOOmdj1G/zCVGawYSPzTkSoWGg1otqbeqKJeg==}

  jsdom@30.1.1:
    resolution: {integrity: sha512-FahmoPK5vbPc+jxV1iErMHmAZypCZ942NHF4+qqaWAuvaKKTBZxawnmAtrbGWLU7MtlxfqIP0qw6aSI+aWGtLg==}
    engines: {node: ^22.22.2 || ^24.15.0 || >=26.0.0}
    peerDependencies:
      canvas: ^3.2.3
    peerDependenciesMeta:
      canvas:
        optional: true

  loose-envify@1.4.0:
    resolution: {integrity: sha512-lyuxPGr/Wfhrlem2CL/UcnUc1zcqKAImBDzukY7Y5F/yQiNdko6+fRLevlw1HgMySw7f611UIY408EtxRSoK3Q==}
    hasBin: true

  lru-cache@11.5.3:
    resolution: {integrity: sha512-U4N8FgzmWxc8k1VH8Kr6lQg18U7Fjvby6wXHVRX/ZZ7IwWbRMgrRbP0Wrb5q5NVinryp4SQampHKdvtecItxUg==}
    engines: {node: 20 || >=22}

  mdn-data@2.27.1:
    resolution: {integrity: sha512-9Yubnt3e8A0OKwxYSXyhLymGW4sCufcLG6VdiDdUGVkPhpqLxlvP5vl1983gQjJl3tqbrM731mjaZaP68AgosQ==}

  mime-db@1.54.0:
    resolution: {integrity: sha512-aU5EJuIN2WDemCcAp2vFBfp/m4EAhWJnUNSSw0ixs7/kXbd6Pg64EmwJkNdFhB8aWt1sH2CTXrLxo/iAGV3oPQ==}
    engines: {node: '>= 0.6'}

  ms@2.0.0:
    resolution: {integrity: sha512-Tpp60P6IUJDTuOq/5Z8cdskzJujfwqfOTkrwIwj7IRISpnkJnT6SyJ4PCPnGMoFjC9ddhal5KVIYtAt97ix05A==}

  negotiator@0.6.4:
    resolution: {integrity: sha512-myRT3DiWPHqho5PrJaIRyaMv2kgYf0mUVgBNOYMuCH5Ki1yEiQaf/ZJuQ62nvpc44wL5WDbTX7yGJi1Neevw8w==}
    engines: {node: '>= 0.6'}

  negotiator@1.1.0:
    resolution: {integrity: sha512-NMPBRMJgiQHjbd8phG3Vebdx4kZ1H121rbl5IkMqeOsahptB9BKo/d7oJ3zTXqTgagn2bWlNSXkh0QUGM31RYg==}
    engines: {node: '>=18'}

  on-headers@1.1.0:
    resolution: {integrity: sha512-737ZY3yNnXy37FHkQxPzt4UZ2UWPWiCZWLvFZ4fu5cueciegX0zGPnrlY6bwRg4FdQOe9YU8MkmJwGhoMybl8A==}
    engines: {node: '>= 0.8'}

  parse5@8.0.1:
    resolution: {integrity: sha512-z1e/HMG90obSGeidlli3hj7cbocou0/wa5HacvI3ASx34PecNjNQeaHNo5WIZpWofN9kgkqV1q5YvXe3F0FoPw==}

  punycode@2.3.1:
    resolution: {integrity: sha512-vYt7UD1U9Wg6138shLtLOvdAu+8DsC/ilFtEVHcH+wydcSpNE20AfSOduf6MkRFahL5FY7X1oU7nKVZFtfq8Fg==}
    engines: {node: '>=6'}

  react-dom@18.3.1:
    resolution: {integrity: sha512-5m4nQKp+rZRb09LNH59GM4BxTh9251/ylbKIbpe7TpGxfJ+9kv6BLkLBXIjjspbgbnIBNqlI23tRnTWT0snUIw==}
    peerDependencies:
      react: ^18.3.1

  react@18.3.1:
    resolution: {integrity: sha512-wS+hAgJShR0KhEvPJArfuPVN1+Hz1t0Y6n5jLrGQbkb4urgPE/0Rve+1kMB1v/oWgHgm4WIcV+i7F2pTVj+2iQ==}
    engines: {node: '>=0.10.0'}

  require-from-string@2.0.2:
    resolution: {integrity: sha512-Xf0nWe6RseziFMu+Ap9biiUbmplq6S9/p+7w7YXP/JBHhrUDDUhwa+vANyubuqfZWTveU//DYVGsDG7RKL/vEw==}
    engines: {node: '>=0.10.0'}

  safe-buffer@5.2.1:
    resolution: {integrity: sha512-rp3So07KcdmmKbGvgaNxQSJr7bGVSVk5S9Eq1F+ppbRo70+YeaDxkw5Dd8NPN+GD6bjnYm2VuPuCXmpuYvmCXQ==}

  saxes@6.0.0:
    resolution: {integrity: sha512-xAg7SOnEhrm5zI3puOOKyy1OMcMlIJZYNJY7xLBwSze0UjhPLnWfj2GF2EpT0jmzaJKIWKHLsaSSajf35bcYnA==}
    engines: {node: '>=v12.22.7'}

  scheduler@0.23.2:
    resolution: {integrity: sha512-UOShsPwz7NrMUqhR6t0hWjFduvOzbtv7toDH1/hIrfRNIDBnnBWd0CwJTGvTpngVlmwGCdP9/Zl/tVrDqcuYzQ==}

  source-map-js@1.2.2:
    resolution: {integrity: sha512-KGj/8Y43x35aZVDtt+J4mK1hoLGHULMYfSkODJNQjNDC3oW1PqPoxMwo0pLUsWM/UEGzON/NxeHywEfNXNP3Vw==}
    engines: {node: '>=0.10.0'}

  tldts-core@7.4.16:
    resolution: {integrity: sha512-MDolfaSJtlSK5Y0A1xl3277ekubZwobpBjugknDizI9O5Rm60a1m8k4ICK+MRsCDzPygT81mp3BBf5RKDlFRfA==}

  tldts@7.4.16:
    resolution: {integrity: sha512-QwBER5KMR86IIjpIiO7H/Z3IMJPsZ1A6RKPAqzTTgOyUQUSt9FdnKcqhTaJmkY6HVrgouZHZR0ncK5QxvmnQeg==}
    hasBin: true

  tough-cookie@6.0.2:
    resolution: {integrity: sha512-exgYmnmL/sJpR3upZfXG5PoatXQii55xAiXGXzY+sROLZ/Y+SLcp9PgJNI9Vz37HpQ74WvDcLT8eqm+kV3FzrA==}
    engines: {node: '>=16'}

  tr46@6.0.0:
    resolution: {integrity: sha512-bLVMLPtstlZ4iMQHpFHTR7GAGj2jxi8Dg0s2h2MafAE4uSWF98FC/3MomU51iQAMf8/qDUbKWf5GxuvvVcXEhw==}
    engines: {node: '>=20'}

  typescript@5.7.2:
    resolution: {integrity: sha512-i5t66RHxDvVN40HfDd1PsEThGNnlMCMT3jMUuoh9/0TaqWevNontacunWyN02LA9/fIbEWlcHZcgTKb9QoaLfg==}
    engines: {node: '>=14.17'}
    hasBin: true

  undici-types@6.21.0:
    resolution: {integrity: sha512-iwDZqg0QAGrg9Rav5H4n0M64c3mkR59cJ6wQp+7C4nI0gsmExaedaYLNO44eT4AtBBwjbTiGPMlt2Md0T9H9JQ==}

  undici@8.11.2:
    resolution: {integrity: sha512-u4UB2/IrKdU6lFxumHmmo1a3fCQO5tzQllRorfoRS63txhrB7xTpSn1PftwC4qEHkOaqP95fCWW4lJzwErwzhQ==}
    engines: {node: '>=22.19.0'}

  vary@1.1.2:
    resolution: {integrity: sha512-BNGbWLfd0eUPabhkXUVm0j8uuvREyTh5ovRa/dyow/BqAbZJyC+5fU+IzQOzmAKzYqYRAISoRhdQr3eIZ/PXqg==}
    engines: {node: '>= 0.8'}

  w3c-xmlserializer@6.0.0:
    resolution: {integrity: sha512-4Nsy8K5Tr6SPDH9jhKJOHf7ChDrc1zufZTVSF7x72hwuEXBqxqk9G6cK+K2NRUtB3iELRJqjXb4JPDMBjMTl2Q==}
    engines: {node: ^22.22.2 || ^24.15.0 || >=26.0.0}

  webidl-conversions@8.0.1:
    resolution: {integrity: sha512-BMhLD/Sw+GbJC21C/UgyaZX41nPt8bUTg+jWyDeg7e7YN4xOM05YPSIXceACnXVtqyEw/LMClUQMtMZ+PGGpqQ==}
    engines: {node: '>=20'}

  whatwg-mimetype@5.0.0:
    resolution: {integrity: sha512-sXcNcHOC51uPGF0P/D4NVtrkjSU2fNsm9iog4ZvZJsL3rjoDAzXZhkm2MWt1y+PUdggKAYVoMAIYcs78wJ51Cw==}
    engines: {node: '>=20'}

  whatwg-url@16.0.1:
    resolution: {integrity: sha512-1to4zXBxmXHV3IiSSEInrreIlu02vUOvrhxJJH5vcxYTBDAx51cqZiKdyTxlecdKNSjj8EcxGBxNf6Vg+945gw==}
    engines: {node: ^20.19.0 || ^22.12.0 || >=24.0.0}

  whatwg-url@17.1.2:
    resolution: {integrity: sha512-TEZA+Zqxin7Jjsm2cjRohCmen5awh+hT6Zi3VZdqZlNRk7zvOI/9WpBFg/DWlA56bWnzwm6DuB8NS0EsxQH9uQ==}
    engines: {node: ^22.14.0 || >=24.0.0}

  xml-name-validator@5.0.0:
    resolution: {integrity: sha512-EvGK8EJ3DhaHfbRlETOWAS5pO9MZITeauHKJyb8wyajUfQUenkIg2MvLDTZ4T/TgIcm3HU0TFBgWWboAZ30UHg==}
    engines: {node: '>=18'}

  xmlchars@2.2.0:
    resolution: {integrity: sha512-JZnDKK8B0RCDw84FNdDAIpZK+JuJw+s7Lz8nksI7SIuU3UXJJslUthsi+uWBUYOwPFwW7W7PRLRfUKpxjtjFCw==}

snapshots:

  '@asamuzakjp/css-color@7.1.2':
    dependencies:
      '@csstools/css-calc': 3.4.2(@csstools/css-parser-algorithms@4.0.2(@csstools/css-tokenizer@4.0.2))(@csstools/css-tokenizer@4.0.2)
      '@csstools/css-color-parser': 4.2.5(@csstools/css-parser-algorithms@4.0.2(@csstools/css-tokenizer@4.0.2))(@csstools/css-tokenizer@4.0.2)
      '@csstools/css-parser-algorithms': 4.0.2(@csstools/css-tokenizer@4.0.2)
      '@csstools/css-tokenizer': 4.0.2
      lru-cache: 11.5.3

  '@asamuzakjp/dom-selector@9.2.2':
    dependencies:
      bidi-js: 1.1.0
      css-tree: 3.2.1
      is-potential-custom-element-name: 1.0.1
      lru-cache: 11.5.3

  '@bramus/specificity@2.4.2':
    dependencies:
      css-tree: 3.2.1

  '@csstools/color-helpers@6.1.2': {}

  '@csstools/css-calc@3.4.2(@csstools/css-parser-algorithms@4.0.2(@csstools/css-tokenizer@4.0.2))(@csstools/css-tokenizer@4.0.2)':
    dependencies:
      '@csstools/css-parser-algorithms': 4.0.2(@csstools/css-tokenizer@4.0.2)
      '@csstools/css-tokenizer': 4.0.2

  '@csstools/css-color-parser@4.2.5(@csstools/css-parser-algorithms@4.0.2(@csstools/css-tokenizer@4.0.2))(@csstools/css-tokenizer@4.0.2)':
    dependencies:
      '@csstools/color-helpers': 6.1.2
      '@csstools/css-calc': 3.4.2(@csstools/css-parser-algorithms@4.0.2(@csstools/css-tokenizer@4.0.2))(@csstools/css-tokenizer@4.0.2)
      '@csstools/css-parser-algorithms': 4.0.2(@csstools/css-tokenizer@4.0.2)
      '@csstools/css-tokenizer': 4.0.2

  '@csstools/css-parser-algorithms@4.0.2(@csstools/css-tokenizer@4.0.2)':
    dependencies:
      '@csstools/css-tokenizer': 4.0.2

  '@csstools/css-syntax-patches-for-csstree@1.1.15(css-tree@3.2.1)':
    optionalDependencies:
      css-tree: 3.2.1

  '@csstools/css-tokenizer@4.0.2': {}

  '@deepseek-ai/cordis@4.0.4':
    dependencies:
      '@deepseek-ai/cosmokit': 1.8.5
      '@standard-schema/spec': 1.1.0

  '@deepseek-ai/cosmokit@1.8.5': {}

  '@deepseek-ai/dsh-host-webserver@0.2.0-rc.2(@deepseek-ai/cordis@4.0.4)':
    dependencies:
      '@deepseek-ai/cordis': 4.0.4
      '@deepseek-ai/schemastery': 3.18.4
      compression: 1.8.2
      negotiator: 1.1.0
    transitivePeerDependencies:
      - supports-color

  '@deepseek-ai/schemastery@3.18.4':
    dependencies:
      '@deepseek-ai/cosmokit': 1.8.5
      '@standard-schema/spec': 1.1.0

  '@exodus/bytes@1.16.0': {}

  '@standard-schema/spec@1.1.0': {}

  '@types/node@22.20.4':
    dependencies:
      undici-types: 6.21.0

  bidi-js@1.1.0:
    dependencies:
      require-from-string: 2.0.2

  bytes@3.1.2: {}

  compressible@2.0.18:
    dependencies:
      mime-db: 1.54.0

  compression@1.8.2:
    dependencies:
      bytes: 3.1.2
      compressible: 2.0.18
      debug: 2.6.9
      destroy: 1.2.0
      negotiator: 0.6.4
      on-headers: 1.1.0
      safe-buffer: 5.2.1
      vary: 1.1.2
    transitivePeerDependencies:
      - supports-color

  content-type@2.1.0: {}

  css-tree@3.2.1:
    dependencies:
      mdn-data: 2.27.1
      source-map-js: 1.2.2

  data-urls@7.0.0:
    dependencies:
      whatwg-mimetype: 5.0.0
      whatwg-url: 16.0.1
    transitivePeerDependencies:
      - '@noble/hashes'

  debug@2.6.9:
    dependencies:
      ms: 2.0.0

  decimal.js@10.6.0: {}

  destroy@1.2.0: {}

  entities@8.1.0: {}

  html-encoding-sniffer@7.0.0:
    dependencies:
      '@exodus/bytes': 1.16.0
    transitivePeerDependencies:
      - '@noble/hashes'

  is-potential-custom-element-name@1.0.1: {}

  js-tokens@3.0.0: {}

  jsdom@30.1.1:
    dependencies:
      '@asamuzakjp/css-color': 7.1.2
      '@asamuzakjp/dom-selector': 9.2.2
      '@bramus/specificity': 2.4.2
      '@csstools/css-syntax-patches-for-csstree': 1.1.15(css-tree@3.2.1)
      '@exodus/bytes': 1.16.0
      css-tree: 3.2.1
      data-urls: 7.0.0
      decimal.js: 10.6.0
      html-encoding-sniffer: 7.0.0
      is-potential-custom-element-name: 1.0.1
      lru-cache: 11.5.3
      parse5: 8.0.1
      saxes: 6.0.0
      tough-cookie: 6.0.2
      undici: 8.11.2
      w3c-xmlserializer: 6.0.0
      webidl-conversions: 8.0.1
      whatwg-mimetype: 5.0.0
      whatwg-url: 17.1.2
      xml-name-validator: 5.0.0
    transitivePeerDependencies:
      - '@noble/hashes'

  loose-envify@1.4.0:
    dependencies:
      js-tokens: 3.0.0

  lru-cache@11.5.3: {}

  mdn-data@2.27.1: {}

  mime-db@1.54.0: {}

  ms@2.0.0: {}

  negotiator@0.6.4: {}

  negotiator@1.1.0:
    dependencies:
      content-type: 2.1.0

  on-headers@1.1.0: {}

  parse5@8.0.1:
    dependencies:
      entities: 8.1.0

  punycode@2.3.1: {}

  react-dom@18.3.1(react@18.3.1):
    dependencies:
      loose-envify: 1.4.0
      react: 18.3.1
      scheduler: 0.23.2

  react@18.3.1:
    dependencies:
      loose-envify: 1.4.0

  require-from-string@2.0.2: {}

  safe-buffer@5.2.1: {}

  saxes@6.0.0:
    dependencies:
      xmlchars: 2.2.0

  scheduler@0.23.2:
    dependencies:
      loose-envify: 1.4.0

  source-map-js@1.2.2: {}

  tldts-core@7.4.16: {}

  tldts@7.4.16:
    dependencies:
      tldts-core: 7.4.16

  tough-cookie@6.0.2:
    dependencies:
      tldts: 7.4.16

  tr46@6.0.0:
    dependencies:
      punycode: 2.3.1

  typescript@5.7.2: {}

  undici-types@6.21.0: {}

  undici@8.11.2: {}

  vary@1.1.2: {}

  w3c-xmlserializer@6.0.0:
    dependencies:
      xml-name-validator: 5.0.0

  webidl-conversions@8.0.1: {}

  whatwg-mimetype@5.0.0: {}

  whatwg-url@16.0.1:
    dependencies:
      '@exodus/bytes': 1.16.0
      tr46: 6.0.0
      webidl-conversions: 8.0.1
    transitivePeerDependencies:
      - '@noble/hashes'

  whatwg-url@17.1.2:
    dependencies:
      '@exodus/bytes': 1.16.0
      tr46: 6.0.0
      webidl-conversions: 8.0.1
    transitivePeerDependencies:
      - '@noble/hashes'

  xml-name-validator@5.0.0: {}

  xmlchars@2.2.0: {}
